<Solution>
  <Folder Name="/01/">
    <Project Path="isNumberOddOrNot/isNumberOddOrNot.csproj" Id="a965f3d5-f656-4a81-bc53-61871738562b" />
  </Folder>
  <Folder Name="/02/">
    <Project Path="TheGreathesNumber/TheGreathesNumber.csproj" Id="a024aedf-93ad-46a5-b700-af9d46fb7929" />
  </Folder>
  <Folder Name="/03/">
    <Project Path="SortNumbers/SortNumbers.csproj" Id="24981b44-b657-4d1d-8f2f-bb140bf510c2" />
  </Folder>
  <Folder Name="/04/">
    <Project Path="isMultipleOfAnother/isMultipleOfAnother.csproj" Id="0bca7d12-0487-4f8c-a935-134c5bd7e883" />
  </Folder>
  <Folder Name="/05/">
    <Project Path="leapYear/leapYear.csproj" Id="06e9bf99-905b-4665-bfce-cff258e909c2" />
  </Folder>
  <Folder Name="/06/">
    <Project Path="simplePayroll/simplePayroll.csproj" Id="62aec6ef-2265-48c9-be6b-6c572fc385cb" />
  </Folder>
  <Folder Name="/07/">
    <Project Path="discounts/discounts.csproj" Id="71dab537-d429-465c-b376-a01a5b2c33c3" />
  </Folder>
  <Folder Name="/08/">
    <Project Path="registrationFee/registrationFee.csproj" Id="700fe596-cc69-4f55-a6ab-27f54525d5a9" />
  </Folder>
  <Folder Name="/09/">
    <Project Path="ShippingOfGoods/ShippingOfGoods.csproj" Id="639c14f5-5baf-48e8-94f3-bfdebd66d0f0" />
  </Folder>
  <Folder Name="/10/">
    <Project Path="warehouses/warehouses.csproj" Id="ecb176be-cad7-413b-b174-4cddc9c977a7" />
  </Folder>
  <Folder Name="/Shared/">
    <Project Path="../Shared/Shared.csproj" Id="8fcb73b7-5a62-4aaa-9017-f7f4b8b5cd89" />
  </Folder>
</Solution>
